
Microsoft Visual Studio Solution File, Format Version 12.00
# Visual Studio Version 17
VisualStudioVersion = 17.10.35122.118
MinimumVisualStudioVersion = 10.0.40219.1
Project("{FAE04EC0-301F-11D3-BF4B-00C04F79EFBC}") = "NSTask", "NSTask\NSTask.csproj", "{DCFA25F1-4F81-40D9-98F4-25CACF42D2F0}"
EndProject
Project("{2150E333-8FDC-42A3-9474-1A3956D46DE8}") = "SRC", "SRC", "{8097889F-8DCE-401A-95AA-0F6EC61C26E4}"
EndProject
Project("{2150E333-8FDC-42A3-9474-1A3956D46DE8}") = "1.Domain", "1.Domain", "{12CD0C02-6F5E-400E-84FB-9FE5542A4360}"
EndProject
Project("{2150E333-8FDC-42A3-9474-1A3956D46DE8}") = "2.Infrastructure", "2.Infrastructure", "{77533844-FF5E-47BD-B581-26882284E48C}"
EndProject
Project("{2150E333-8FDC-42A3-9474-1A3956D46DE8}") = "3.Endpoint", "3.Endpoint", "{7FAF23D3-6656-452A-A52E-D0B7A076605D}"
EndProject
Project("{2150E333-8FDC-42A3-9474-1A3956D46DE8}") = "Core", "Core", "{BD3F6C63-E051-4AF3-95CB-3638FDE016EE}"
EndProject
Project("{2150E333-8FDC-42A3-9474-1A3956D46DE8}") = "Service", "Service", "{467E9D96-BB76-4858-9A91-D583791C53D9}"
EndProject
Project("{2150E333-8FDC-42A3-9474-1A3956D46DE8}") = "DataAccess", "DataAccess", "{446BEBDA-FA61-42FD-86EE-D36A93DE0DC8}"
EndProject
Project("{2150E333-8FDC-42A3-9474-1A3956D46DE8}") = "Datbase", "Datbase", "{0F3E053A-F689-452F-AD40-FAA0092C979F}"
EndProject
Project("{FAE04EC0-301F-11D3-BF4B-00C04F79EFBC}") = "Domain.Core", "Domain.Core\Domain.Core.csproj", "{8BFE426F-DA90-4B73-8D8E-5DD56EF743CF}"
EndProject
Project("{2150E333-8FDC-42A3-9474-1A3956D46DE8}") = "Services", "Services", "{69C3C5D8-F465-4073-91E8-1193C7A1FA7E}"
EndProject
Project("{2150E333-8FDC-42A3-9474-1A3956D46DE8}") = "AppService", "AppService", "{5648D44C-0D7F-4E91-BF6B-22E1014EA1ED}"
EndProject
Project("{FAE04EC0-301F-11D3-BF4B-00C04F79EFBC}") = "AppServices", "AppServices\AppServices.csproj", "{A9AF2B44-3118-4F00-A82A-042A5AFA9A7D}"
EndProject
Project("{FAE04EC0-301F-11D3-BF4B-00C04F79EFBC}") = "Service", "Service\Service.csproj", "{79ACFC4D-3620-405D-ADA2-A945051C9C16}"
EndProject
Project("{FAE04EC0-301F-11D3-BF4B-00C04F79EFBC}") = "EF Core", "EF Core\EF Core.csproj", "{1160FDB7-8896-47F8-ABDC-824B7F1EFDF7}"
EndProject
Project("{FAE04EC0-301F-11D3-BF4B-00C04F79EFBC}") = "AppDBContext", "AppDBContext\AppDBContext.csproj", "{B9B22DAD-679E-41C2-87FB-833AB7C3A0A5}"
EndProject
Global
	GlobalSection(SolutionConfigurationPlatforms) = preSolution
		Debug|Any CPU = Debug|Any CPU
		Release|Any CPU = Release|Any CPU
	EndGlobalSection
	GlobalSection(ProjectConfigurationPlatforms) = postSolution
		{DCFA25F1-4F81-40D9-98F4-25CACF42D2F0}.Debug|Any CPU.ActiveCfg = Debug|Any CPU
		{DCFA25F1-4F81-40D9-98F4-25CACF42D2F0}.Debug|Any CPU.Build.0 = Debug|Any CPU
		{DCFA25F1-4F81-40D9-98F4-25CACF42D2F0}.Release|Any CPU.ActiveCfg = Release|Any CPU
		{DCFA25F1-4F81-40D9-98F4-25CACF42D2F0}.Release|Any CPU.Build.0 = Release|Any CPU
		{8BFE426F-DA90-4B73-8D8E-5DD56EF743CF}.Debug|Any CPU.ActiveCfg = Debug|Any CPU
		{8BFE426F-DA90-4B73-8D8E-5DD56EF743CF}.Debug|Any CPU.Build.0 = Debug|Any CPU
		{8BFE426F-DA90-4B73-8D8E-5DD56EF743CF}.Release|Any CPU.ActiveCfg = Release|Any CPU
		{8BFE426F-DA90-4B73-8D8E-5DD56EF743CF}.Release|Any CPU.Build.0 = Release|Any CPU
		{A9AF2B44-3118-4F00-A82A-042A5AFA9A7D}.Debug|Any CPU.ActiveCfg = Debug|Any CPU
		{A9AF2B44-3118-4F00-A82A-042A5AFA9A7D}.Debug|Any CPU.Build.0 = Debug|Any CPU
		{A9AF2B44-3118-4F00-A82A-042A5AFA9A7D}.Release|Any CPU.ActiveCfg = Release|Any CPU
		{A9AF2B44-3118-4F00-A82A-042A5AFA9A7D}.Release|Any CPU.Build.0 = Release|Any CPU
		{79ACFC4D-3620-405D-ADA2-A945051C9C16}.Debug|Any CPU.ActiveCfg = Debug|Any CPU
		{79ACFC4D-3620-405D-ADA2-A945051C9C16}.Debug|Any CPU.Build.0 = Debug|Any CPU
		{79ACFC4D-3620-405D-ADA2-A945051C9C16}.Release|Any CPU.ActiveCfg = Release|Any CPU
		{79ACFC4D-3620-405D-ADA2-A945051C9C16}.Release|Any CPU.Build.0 = Release|Any CPU
		{1160FDB7-8896-47F8-ABDC-824B7F1EFDF7}.Debug|Any CPU.ActiveCfg = Debug|Any CPU
		{1160FDB7-8896-47F8-ABDC-824B7F1EFDF7}.Debug|Any CPU.Build.0 = Debug|Any CPU
		{1160FDB7-8896-47F8-ABDC-824B7F1EFDF7}.Release|Any CPU.ActiveCfg = Release|Any CPU
		{1160FDB7-8896-47F8-ABDC-824B7F1EFDF7}.Release|Any CPU.Build.0 = Release|Any CPU
		{B9B22DAD-679E-41C2-87FB-833AB7C3A0A5}.Debug|Any CPU.ActiveCfg = Debug|Any CPU
		{B9B22DAD-679E-41C2-87FB-833AB7C3A0A5}.Debug|Any CPU.Build.0 = Debug|Any CPU
		{B9B22DAD-679E-41C2-87FB-833AB7C3A0A5}.Release|Any CPU.ActiveCfg = Release|Any CPU
		{B9B22DAD-679E-41C2-87FB-833AB7C3A0A5}.Release|Any CPU.Build.0 = Release|Any CPU
	EndGlobalSection
	GlobalSection(SolutionProperties) = preSolution
		HideSolutionNode = FALSE
	EndGlobalSection
	GlobalSection(NestedProjects) = preSolution
		{DCFA25F1-4F81-40D9-98F4-25CACF42D2F0} = {7FAF23D3-6656-452A-A52E-D0B7A076605D}
		{12CD0C02-6F5E-400E-84FB-9FE5542A4360} = {8097889F-8DCE-401A-95AA-0F6EC61C26E4}
		{77533844-FF5E-47BD-B581-26882284E48C} = {8097889F-8DCE-401A-95AA-0F6EC61C26E4}
		{7FAF23D3-6656-452A-A52E-D0B7A076605D} = {8097889F-8DCE-401A-95AA-0F6EC61C26E4}
		{BD3F6C63-E051-4AF3-95CB-3638FDE016EE} = {12CD0C02-6F5E-400E-84FB-9FE5542A4360}
		{467E9D96-BB76-4858-9A91-D583791C53D9} = {12CD0C02-6F5E-400E-84FB-9FE5542A4360}
		{446BEBDA-FA61-42FD-86EE-D36A93DE0DC8} = {77533844-FF5E-47BD-B581-26882284E48C}
		{0F3E053A-F689-452F-AD40-FAA0092C979F} = {77533844-FF5E-47BD-B581-26882284E48C}
		{8BFE426F-DA90-4B73-8D8E-5DD56EF743CF} = {BD3F6C63-E051-4AF3-95CB-3638FDE016EE}
		{69C3C5D8-F465-4073-91E8-1193C7A1FA7E} = {467E9D96-BB76-4858-9A91-D583791C53D9}
		{5648D44C-0D7F-4E91-BF6B-22E1014EA1ED} = {467E9D96-BB76-4858-9A91-D583791C53D9}
		{A9AF2B44-3118-4F00-A82A-042A5AFA9A7D} = {5648D44C-0D7F-4E91-BF6B-22E1014EA1ED}
		{79ACFC4D-3620-405D-ADA2-A945051C9C16} = {69C3C5D8-F465-4073-91E8-1193C7A1FA7E}
		{1160FDB7-8896-47F8-ABDC-824B7F1EFDF7} = {446BEBDA-FA61-42FD-86EE-D36A93DE0DC8}
		{B9B22DAD-679E-41C2-87FB-833AB7C3A0A5} = {0F3E053A-F689-452F-AD40-FAA0092C979F}
	EndGlobalSection
	GlobalSection(ExtensibilityGlobals) = postSolution
		SolutionGuid = {573EB25A-7E1D-4ED4-A684-52933EA1FE80}
	EndGlobalSection
EndGlobal
